// !$*UTF8*$!
{
	archiveVersion = 1;
	classes = {
	};
	objectVersion = 46;
	objects = {
/* Begin PBXBuildFile section */
		0207DA581B56EA530066E2B4 /* Images.xcassets in Resources */ = {isa = PBXBuildFile; fileRef = 0207DA571B56EA530066E2B4 /* Images.xcassets */; };
		1D3623260D0F684500981E51 /* AppDelegate.m in Sources */ = {isa = PBXBuildFile; fileRef = 1D3623250D0F684500981E51 /* AppDelegate.m */; };
		1D60589B0D05DD56006BFB54 /* main.m in Sources */ = {isa = PBXBuildFile; fileRef = 29B97316FDCFA39411CA2CEA /* main.m */; };
		301BF552109A68D80062928A /* libCordova.a in Frameworks */ = {isa = PBXBuildFile; fileRef = 301BF535109A57CC0062928A /* libCordova.a */; };
		302D95F114D2391D003F00A1 /* MainViewController.m in Sources */ = {isa = PBXBuildFile; fileRef = 302D95EF14D2391D003F00A1 /* MainViewController.m */; };
		302D95F214D2391D003F00A1 /* MainViewController.xib in Resources */ = {isa = PBXBuildFile; fileRef = 302D95F014D2391D003F00A1 /* MainViewController.xib */; };
		3047A5121AB8059700498E2A /* build-debug.xcconfig in Resources */ = {isa = PBXBuildFile; fileRef = 3047A50F1AB8059700498E2A /* build-debug.xcconfig */; };
		3047A5131AB8059700498E2A /* build-release.xcconfig in Resources */ = {isa = PBXBuildFile; fileRef = 3047A5101AB8059700498E2A /* build-release.xcconfig */; };
		3047A5141AB8059700498E2A /* build.xcconfig in Resources */ = {isa = PBXBuildFile; fileRef = 3047A5111AB8059700498E2A /* build.xcconfig */; };
		6AFF5BF91D6E424B00AB3073 /* CDVLaunchScreen.storyboard in Resources */ = {isa = PBXBuildFile; fileRef = 6AFF5BF81D6E424B00AB3073 /* CDVLaunchScreen.storyboard */; };
		D3C71A03A67B42A883743FE5 /* AppDelegate+notification.m in Sources */ = {isa = PBXBuildFile; fileRef = C2D2DB6A1EF148CAA3B4D2B5 /* AppDelegate+notification.m */; };
		8FBBDEB1E5B446A29C4DDBF2 /* PushPlugin.m in Sources */ = {isa = PBXBuildFile; fileRef = 050792E401B74AC390BE9CDE /* PushPlugin.m */; };
		948E2CA42D8643A2BE7AE91D /* libGGLCloudMessaging.a in Frameworks */ = {isa = PBXBuildFile; fileRef = 7E2C9143346544E18B94D832 /* libGGLCloudMessaging.a */; };
		D35F7BAB813D4E2AB7EF5DB1 /* libGGLCore.a in Frameworks */ = {isa = PBXBuildFile; fileRef = 5204EF76019346C1A90385F5 /* libGGLCore.a */; };
		9B37FD18546D47DDAEA02C40 /* libGGLInstanceIDLib.a in Frameworks */ = {isa = PBXBuildFile; fileRef = D878A5C36CBD44449523F371 /* libGGLInstanceIDLib.a */; };
		58AC8B43910A463981F16085 /* libGIP_Reachability.a in Frameworks */ = {isa = PBXBuildFile; fileRef = 66482DB2AEF8483794137644 /* libGIP_Reachability.a */; };
		9185546F54A2415EBC0EECD3 /* libGSDK_Overload.a in Frameworks */ = {isa = PBXBuildFile; fileRef = 5114079C09E94465AC5C2C50 /* libGSDK_Overload.a */; };
		542B3E6083884932B1AAB3BC /* libGTMSessionFetcher_core.a in Frameworks */ = {isa = PBXBuildFile; fileRef = 5CD8839A58A145D1BFEA9369 /* libGTMSessionFetcher_core.a */; };
		F6800A6188ED46869DFDD6EA /* libGTMSessionFetcher_full.a in Frameworks */ = {isa = PBXBuildFile; fileRef = F94FDFA3CA74431E825298F3 /* libGTMSessionFetcher_full.a */; };
		2F3559186E5845E5A1F7E106 /* libGTMStackTrace.a in Frameworks */ = {isa = PBXBuildFile; fileRef = 02848E17EAF046E5A0385BEE /* libGTMStackTrace.a */; };
		82607617899B462583E7D363 /* libGTM_AddressBook.a in Frameworks */ = {isa = PBXBuildFile; fileRef = 9DA552B42374437593F6FAA3 /* libGTM_AddressBook.a */; };
		90D84EAFD74645C58E9F0A72 /* libGTM_DebugUtils.a in Frameworks */ = {isa = PBXBuildFile; fileRef = D2721BB11B104C059E057D57 /* libGTM_DebugUtils.a */; };
		D3BE1871C1FA44D28990BBA4 /* libGTM_GTMURLBuilder.a in Frameworks */ = {isa = PBXBuildFile; fileRef = 37AA4C5223B44116BDC5C518 /* libGTM_GTMURLBuilder.a */; };
		9D22742D7BB04B548BC8E58C /* libGTM_KVO.a in Frameworks */ = {isa = PBXBuildFile; fileRef = 022743FA908C48C7AF9DDC45 /* libGTM_KVO.a */; };
		4B18C5F1C4B94FF3B7EBDB99 /* libGTM_NSData+zlib.a in Frameworks */ = {isa = PBXBuildFile; fileRef = F3A6A1D22A6946599206D845 /* libGTM_NSData+zlib.a */; };
		D180C3862D9843E7B57F9585 /* libGTM_NSDictionary+URLArguments.a in Frameworks */ = {isa = PBXBuildFile; fileRef = FEDC05E6EDE44E7998F293B7 /* libGTM_NSDictionary+URLArguments.a */; };
		A8210435A40E46478A56A9A6 /* libGTM_NSScannerJSON.a in Frameworks */ = {isa = PBXBuildFile; fileRef = 9040F8B8176F4AC28CB5D5F7 /* libGTM_NSScannerJSON.a */; };
		E7FA5B3400E4443EB6162CEC /* libGTM_NSStringHTML.a in Frameworks */ = {isa = PBXBuildFile; fileRef = D94CDAC51A9242E1925B0579 /* libGTM_NSStringHTML.a */; };
		6125441E69234B8A8D67D169 /* libGTM_NSStringXML.a in Frameworks */ = {isa = PBXBuildFile; fileRef = E1BA68AF008444FEA3CE061E /* libGTM_NSStringXML.a */; };
		8311E34B935249D29853805E /* libGTM_Regex.a in Frameworks */ = {isa = PBXBuildFile; fileRef = AE67835C23824C31BD5E351C /* libGTM_Regex.a */; };
		CC7C1055B9514A04B01795D1 /* libGTM_RoundedRectPath.a in Frameworks */ = {isa = PBXBuildFile; fileRef = D5984E9B2F2A494584A0F872 /* libGTM_RoundedRectPath.a */; };
		E4EE464341D14DE89AC69256 /* libGTM_StringEncoding.a in Frameworks */ = {isa = PBXBuildFile; fileRef = D3D01C315F5547C99C0EDE9B /* libGTM_StringEncoding.a */; };
		01A4D371E10449CEB157197D /* libGTM_SystemVersion.a in Frameworks */ = {isa = PBXBuildFile; fileRef = 8829F932B8BF4030AC899F5A /* libGTM_SystemVersion.a */; };
		606AEBBA2839496AB37E05A1 /* libGTM_UIFont+LineHeight.a in Frameworks */ = {isa = PBXBuildFile; fileRef = A5700361604F48BE8A597677 /* libGTM_UIFont+LineHeight.a */; };
		5ED6D970C861478EA030E48E /* libGTM_core.a in Frameworks */ = {isa = PBXBuildFile; fileRef = 0C13783E499D4363B4CCE191 /* libGTM_core.a */; };
		16476169117E46E682AFCEAD /* libGTM_iPhone.a in Frameworks */ = {isa = PBXBuildFile; fileRef = E6989690BD474CAB8FC72102 /* libGTM_iPhone.a */; };
		14F6AA02098C4E42A47D7AE6 /* libGcmLib.a in Frameworks */ = {isa = PBXBuildFile; fileRef = 52C09DB3BA544710954DB586 /* libGcmLib.a */; };
		2162BD9F584549D6A1EB5B70 /* libProtocolBuffers.a in Frameworks */ = {isa = PBXBuildFile; fileRef = 5FB12347540043B1BC19624D /* libProtocolBuffers.a */; };
		F83760E2A9F544D397C53D87 /* AddressBook.framework in Frameworks */ = {isa = PBXBuildFile; fileRef = 7C2B69B9A8424CC3A8196B54 /* AddressBook.framework */; };
		130B1F912D3049EE90C5769B /* libsqlite3.tbd in Frameworks */ = {isa = PBXBuildFile; fileRef = 0DB2D0DC5FE545CF81F604BE /* libsqlite3.tbd */; };
		15E7111060314295BB4922AB /* libz.tbd in Frameworks */ = {isa = PBXBuildFile; fileRef = 30DE0F6878D84DF8925F65EC /* libz.tbd */; };
		D9734174B2F042098F56E298 /* CDVDevice.m in Sources */ = {isa = PBXBuildFile; fileRef = 393F0D4CA39F48FDBFA99535 /* CDVDevice.m */; };
		E34E9B910A9A4A20BCC24EA8 /* CDVNotification.m in Sources */ = {isa = PBXBuildFile; fileRef = 79434EF6CCF4431E9EDD510D /* CDVNotification.m */; };
		AF95DA96DE7E428399CD1B6A /* CDVNotification.bundle in Resources */ = {isa = PBXBuildFile; fileRef = 251C15B3351844AC8EF06E11 /* CDVNotification.bundle */; };
		F9F18F3CBC8141E8926D1AB8 /* AudioToolbox.framework in Frameworks */ = {isa = PBXBuildFile; fileRef = E0155927B96D4CCBBE1406B7 /* AudioToolbox.framework */; settings = {ATTRIBUTES = (Weak, ); }; };
		51B522D55C334D1E824931D6 /* CDVInAppBrowser.m in Sources */ = {isa = PBXBuildFile; fileRef = F300F817FEFD4361BDE8D781 /* CDVInAppBrowser.m */; };
		FFD790BE433240B18A6ABF6C /* CDVConnection.m in Sources */ = {isa = PBXBuildFile; fileRef = C5BC757B7548404CB52E1FD9 /* CDVConnection.m */; };
		EA2E946EA6F844A7AD597E29 /* CDVReachability.m in Sources */ = {isa = PBXBuildFile; fileRef = FE17236F3E464F2EA0650DEE /* CDVReachability.m */; };
		E96A4483CDFC42C0876B5F7B /* SystemConfiguration.framework in Frameworks */ = {isa = PBXBuildFile; fileRef = 9431DC7D99214D9A800E6EFA /* SystemConfiguration.framework */; settings = {ATTRIBUTES = (Weak, ); }; };
		1DD85618FAAA4DC9BB5EE94E /* CoreTelephony.framework in Frameworks */ = {isa = PBXBuildFile; fileRef = 9E81AA89C18C46CFA8992283 /* CoreTelephony.framework */; };
		812974D6A3C14A618784EB7B /* CDVStatusBar.m in Sources */ = {isa = PBXBuildFile; fileRef = C5096ACD50224354B245A344 /* CDVStatusBar.m */; };
		EBE681B4DFEE4C1CAEA8ACD8 /* CDVContacts.m in Sources */ = {isa = PBXBuildFile; fileRef = 26A88A9717D54B4E900116DE /* CDVContacts.m */; };
		31B611366A9C435A93E70FA2 /* CDVContact.m in Sources */ = {isa = PBXBuildFile; fileRef = 3B56317017C0457EBBA65C08 /* CDVContact.m */; };
		9066487B59394631BE9C20CD /* AddressBookUI.framework in Frameworks */ = {isa = PBXBuildFile; fileRef = D728127529594B009CF2066D /* AddressBookUI.framework */; settings = {ATTRIBUTES = (Weak, ); }; };
		CE20289F37D04155B6D478C5 /* NSString+SSURLEncoding.m in Sources */ = {isa = PBXBuildFile; fileRef = D2D1ABD9B9FF417187BDE9E6 /* NSString+SSURLEncoding.m */; };
		3455E3A6E6FF4B0483733541 /* SocialSharing.m in Sources */ = {isa = PBXBuildFile; fileRef = 8ACF65C1E15243B9B9608A0B /* SocialSharing.m */; };
		92A28BC316F44C70AF34DA3F /* Social.framework in Frameworks */ = {isa = PBXBuildFile; fileRef = A330DAEBE5E84564B1166E95 /* Social.framework */; settings = {ATTRIBUTES = (Weak, ); }; };
		6C25BA643DAC49B5A6CAE167 /* MessageUI.framework in Frameworks */ = {isa = PBXBuildFile; fileRef = 144DC3A3A50F45EEBAB96AA0 /* MessageUI.framework */; settings = {ATTRIBUTES = (Weak, ); }; };
/* End PBXBuildFile section */

/* Begin PBXContainerItemProxy section */
		301BF534109A57CC0062928A /* PBXContainerItemProxy */ = {
			isa = PBXContainerItemProxy;
			containerPortal = 301BF52D109A57CC0062928A /* CordovaLib.xcodeproj */;
			proxyType = 2;
			remoteGlobalIDString = D2AAC07E0554694100DB518D;
			remoteInfo = CordovaLib;
		};
		301BF550109A68C00062928A /* PBXContainerItemProxy */ = {
			isa = PBXContainerItemProxy;
			containerPortal = 301BF52D109A57CC0062928A /* CordovaLib.xcodeproj */;
			proxyType = 1;
			remoteGlobalIDString = D2AAC07D0554694100DB518D;
			remoteInfo = CordovaLib;
		};
/* End PBXContainerItemProxy section */

/* Begin PBXFileReference section */
		0207DA571B56EA530066E2B4 /* Images.xcassets */ = {isa = PBXFileReference; lastKnownFileType = folder.assetcatalog; name = Images.xcassets; path = "Mobilmania/Images.xcassets"; sourceTree = SOURCE_ROOT; };
		1D3623240D0F684500981E51 /* AppDelegate.h */ = {isa = PBXFileReference; fileEncoding = 4; lastKnownFileType = sourcecode.c.h; path = AppDelegate.h; sourceTree = "<group>"; };
		1D3623250D0F684500981E51 /* AppDelegate.m */ = {isa = PBXFileReference; fileEncoding = 4; lastKnownFileType = sourcecode.c.objc; path = AppDelegate.m; sourceTree = "<group>"; };
		1D6058910D05DD3D006BFB54 /* Mobilmania.app */ = {isa = PBXFileReference; explicitFileType = wrapper.application; includeInIndex = 0; path = "Mobilmania.app"; sourceTree = BUILT_PRODUCTS_DIR; };
		29B97316FDCFA39411CA2CEA /* main.m */ = {isa = PBXFileReference; fileEncoding = 4; lastKnownFileType = sourcecode.c.objc; path = main.m; sourceTree = "<group>"; };
		301BF52D109A57CC0062928A /* CordovaLib.xcodeproj */ = {isa = PBXFileReference; lastKnownFileType = "wrapper.pb-project"; name = CordovaLib.xcodeproj; path = CordovaLib/CordovaLib.xcodeproj; sourceTree = "<group>"; };
		301BF56E109A69640062928A /* www */ = {isa = PBXFileReference; lastKnownFileType = folder; path = www; sourceTree = SOURCE_ROOT; };
		302D95EE14D2391D003F00A1 /* MainViewController.h */ = {isa = PBXFileReference; fileEncoding = 4; lastKnownFileType = sourcecode.c.h; path = MainViewController.h; sourceTree = "<group>"; };
		302D95EF14D2391D003F00A1 /* MainViewController.m */ = {isa = PBXFileReference; fileEncoding = 4; lastKnownFileType = sourcecode.c.objc; path = MainViewController.m; sourceTree = "<group>"; };
		302D95F014D2391D003F00A1 /* MainViewController.xib */ = {isa = PBXFileReference; fileEncoding = 4; lastKnownFileType = file.xib; path = MainViewController.xib; sourceTree = "<group>"; };
		3047A50F1AB8059700498E2A /* build-debug.xcconfig */ = {isa = PBXFileReference; fileEncoding = 4; lastKnownFileType = text.xcconfig; name = "build-debug.xcconfig"; path = cordova/build-debug.xcconfig; sourceTree = SOURCE_ROOT; };
		3047A5101AB8059700498E2A /* build-release.xcconfig */ = {isa = PBXFileReference; fileEncoding = 4; lastKnownFileType = text.xcconfig; name = "build-release.xcconfig"; path = cordova/build-release.xcconfig; sourceTree = SOURCE_ROOT; };
		3047A5111AB8059700498E2A /* build.xcconfig */ = {isa = PBXFileReference; fileEncoding = 4; lastKnownFileType = text.xcconfig; name = build.xcconfig; path = cordova/build.xcconfig; sourceTree = SOURCE_ROOT; };
		32CA4F630368D1EE00C91783 /* Mobilmania-Prefix.pch */ = {isa = PBXFileReference; fileEncoding = 4; lastKnownFileType = sourcecode.c.h; path = "Mobilmania-Prefix.pch"; sourceTree = "<group>"; };
		6AFF5BF81D6E424B00AB3073 /* CDVLaunchScreen.storyboard */ = {isa = PBXFileReference; fileEncoding = 4; lastKnownFileType = file.storyboard; name = CDVLaunchScreen.storyboard; path = "Mobilmania/CDVLaunchScreen.storyboard"; sourceTree = SOURCE_ROOT; };
		8D1107310486CEB800E47090 /* Mobilmania-Info.plist */ = {isa = PBXFileReference; fileEncoding = 4; lastKnownFileType = text.plist.xml; name = "Mobilmania-Info.plist"; path = "Mobilmania/Mobilmania-Info.plist"; plistStructureDefinitionIdentifier = "com.apple.xcode.plist.structure-definition.iphone.info-plist"; sourceTree = SOURCE_ROOT; };
		EB87FDF31871DA8E0020F90C /* www */ = {isa = PBXFileReference; lastKnownFileType = folder; name = www; path = ../../www; sourceTree = "<group>"; };
		EB87FDF41871DAF40020F90C /* config.xml */ = {isa = PBXFileReference; lastKnownFileType = text.xml; name = config.xml; path = ../../config.xml; sourceTree = "<group>"; };
		F840E1F0165FE0F500CFE078 /* config.xml */ = {isa = PBXFileReference; lastKnownFileType = text.xml; name = config.xml; path = "Mobilmania/config.xml"; sourceTree = "<group>"; };
		ED33DF2A687741AEAF9F8254 /* Bridging-Header.h */ = {isa = PBXFileReference; fileEncoding = 4; lastKnownFileType = sourcecode.c.h; name = "Bridging-Header.h"; path = "Bridging-Header.h"; sourceTree = "<group>"; };
		C2D2DB6A1EF148CAA3B4D2B5 /* AppDelegate+notification.m */ = {isa = PBXFileReference; name = "AppDelegate+notification.m"; path = "phonegap-plugin-push/AppDelegate+notification.m"; sourceTree = "<group>"; fileEncoding = 4; lastKnownFileType = sourcecode.c.objc; explicitFileType = undefined; includeInIndex = 0; };
		050792E401B74AC390BE9CDE /* PushPlugin.m */ = {isa = PBXFileReference; name = "PushPlugin.m"; path = "phonegap-plugin-push/PushPlugin.m"; sourceTree = "<group>"; fileEncoding = 4; lastKnownFileType = sourcecode.c.objc; explicitFileType = undefined; includeInIndex = 0; };
		7E2C9143346544E18B94D832 /* libGGLCloudMessaging.a */ = {isa = PBXFileReference; name = "libGGLCloudMessaging.a"; path = "Mobilmania/Plugins/phonegap-plugin-push/GCM/Libraries/libGGLCloudMessaging.a"; sourceTree = "<group>"; fileEncoding = undefined; lastKnownFileType = archive.ar; explicitFileType = undefined; includeInIndex = 0; };
		5204EF76019346C1A90385F5 /* libGGLCore.a */ = {isa = PBXFileReference; name = "libGGLCore.a"; path = "Mobilmania/Plugins/phonegap-plugin-push/GCM/Libraries/libGGLCore.a"; sourceTree = "<group>"; fileEncoding = undefined; lastKnownFileType = archive.ar; explicitFileType = undefined; includeInIndex = 0; };
		D878A5C36CBD44449523F371 /* libGGLInstanceIDLib.a */ = {isa = PBXFileReference; name = "libGGLInstanceIDLib.a"; path = "Mobilmania/Plugins/phonegap-plugin-push/GCM/Libraries/libGGLInstanceIDLib.a"; sourceTree = "<group>"; fileEncoding = undefined; lastKnownFileType = archive.ar; explicitFileType = undefined; includeInIndex = 0; };
		66482DB2AEF8483794137644 /* libGIP_Reachability.a */ = {isa = PBXFileReference; name = "libGIP_Reachability.a"; path = "Mobilmania/Plugins/phonegap-plugin-push/GCM/Libraries/libGIP_Reachability.a"; sourceTree = "<group>"; fileEncoding = undefined; lastKnownFileType = archive.ar; explicitFileType = undefined; includeInIndex = 0; };
		5114079C09E94465AC5C2C50 /* libGSDK_Overload.a */ = {isa = PBXFileReference; name = "libGSDK_Overload.a"; path = "Mobilmania/Plugins/phonegap-plugin-push/GCM/Libraries/libGSDK_Overload.a"; sourceTree = "<group>"; fileEncoding = undefined; lastKnownFileType = archive.ar; explicitFileType = undefined; includeInIndex = 0; };
		5CD8839A58A145D1BFEA9369 /* libGTMSessionFetcher_core.a */ = {isa = PBXFileReference; name = "libGTMSessionFetcher_core.a"; path = "Mobilmania/Plugins/phonegap-plugin-push/GCM/Libraries/libGTMSessionFetcher_core.a"; sourceTree = "<group>"; fileEncoding = undefined; lastKnownFileType = archive.ar; explicitFileType = undefined; includeInIndex = 0; };
		F94FDFA3CA74431E825298F3 /* libGTMSessionFetcher_full.a */ = {isa = PBXFileReference; name = "libGTMSessionFetcher_full.a"; path = "Mobilmania/Plugins/phonegap-plugin-push/GCM/Libraries/libGTMSessionFetcher_full.a"; sourceTree = "<group>"; fileEncoding = undefined; lastKnownFileType = archive.ar; explicitFileType = undefined; includeInIndex = 0; };
		02848E17EAF046E5A0385BEE /* libGTMStackTrace.a */ = {isa = PBXFileReference; name = "libGTMStackTrace.a"; path = "Mobilmania/Plugins/phonegap-plugin-push/GCM/Libraries/libGTMStackTrace.a"; sourceTree = "<group>"; fileEncoding = undefined; lastKnownFileType = archive.ar; explicitFileType = undefined; includeInIndex = 0; };
		9DA552B42374437593F6FAA3 /* libGTM_AddressBook.a */ = {isa = PBXFileReference; name = "libGTM_AddressBook.a"; path = "Mobilmania/Plugins/phonegap-plugin-push/GCM/Libraries/libGTM_AddressBook.a"; sourceTree = "<group>"; fileEncoding = undefined; lastKnownFileType = archive.ar; explicitFileType = undefined; includeInIndex = 0; };
		D2721BB11B104C059E057D57 /* libGTM_DebugUtils.a */ = {isa = PBXFileReference; name = "libGTM_DebugUtils.a"; path = "Mobilmania/Plugins/phonegap-plugin-push/GCM/Libraries/libGTM_DebugUtils.a"; sourceTree = "<group>"; fileEncoding = undefined; lastKnownFileType = archive.ar; explicitFileType = undefined; includeInIndex = 0; };
		37AA4C5223B44116BDC5C518 /* libGTM_GTMURLBuilder.a */ = {isa = PBXFileReference; name = "libGTM_GTMURLBuilder.a"; path = "Mobilmania/Plugins/phonegap-plugin-push/GCM/Libraries/libGTM_GTMURLBuilder.a"; sourceTree = "<group>"; fileEncoding = undefined; lastKnownFileType = archive.ar; explicitFileType = undefined; includeInIndex = 0; };
		022743FA908C48C7AF9DDC45 /* libGTM_KVO.a */ = {isa = PBXFileReference; name = "libGTM_KVO.a"; path = "Mobilmania/Plugins/phonegap-plugin-push/GCM/Libraries/libGTM_KVO.a"; sourceTree = "<group>"; fileEncoding = undefined; lastKnownFileType = archive.ar; explicitFileType = undefined; includeInIndex = 0; };
		F3A6A1D22A6946599206D845 /* libGTM_NSData+zlib.a */ = {isa = PBXFileReference; name = "libGTM_NSData+zlib.a"; path = "Mobilmania/Plugins/phonegap-plugin-push/GCM/Libraries/libGTM_NSData+zlib.a"; sourceTree = "<group>"; fileEncoding = undefined; lastKnownFileType = archive.ar; explicitFileType = undefined; includeInIndex = 0; };
		FEDC05E6EDE44E7998F293B7 /* libGTM_NSDictionary+URLArguments.a */ = {isa = PBXFileReference; name = "libGTM_NSDictionary+URLArguments.a"; path = "Mobilmania/Plugins/phonegap-plugin-push/GCM/Libraries/libGTM_NSDictionary+URLArguments.a"; sourceTree = "<group>"; fileEncoding = undefined; lastKnownFileType = archive.ar; explicitFileType = undefined; includeInIndex = 0; };
		9040F8B8176F4AC28CB5D5F7 /* libGTM_NSScannerJSON.a */ = {isa = PBXFileReference; name = "libGTM_NSScannerJSON.a"; path = "Mobilmania/Plugins/phonegap-plugin-push/GCM/Libraries/libGTM_NSScannerJSON.a"; sourceTree = "<group>"; fileEncoding = undefined; lastKnownFileType = archive.ar; explicitFileType = undefined; includeInIndex = 0; };
		D94CDAC51A9242E1925B0579 /* libGTM_NSStringHTML.a */ = {isa = PBXFileReference; name = "libGTM_NSStringHTML.a"; path = "Mobilmania/Plugins/phonegap-plugin-push/GCM/Libraries/libGTM_NSStringHTML.a"; sourceTree = "<group>"; fileEncoding = undefined; lastKnownFileType = archive.ar; explicitFileType = undefined; includeInIndex = 0; };
		E1BA68AF008444FEA3CE061E /* libGTM_NSStringXML.a */ = {isa = PBXFileReference; name = "libGTM_NSStringXML.a"; path = "Mobilmania/Plugins/phonegap-plugin-push/GCM/Libraries/libGTM_NSStringXML.a"; sourceTree = "<group>"; fileEncoding = undefined; lastKnownFileType = archive.ar; explicitFileType = undefined; includeInIndex = 0; };
		AE67835C23824C31BD5E351C /* libGTM_Regex.a */ = {isa = PBXFileReference; name = "libGTM_Regex.a"; path = "Mobilmania/Plugins/phonegap-plugin-push/GCM/Libraries/libGTM_Regex.a"; sourceTree = "<group>"; fileEncoding = undefined; lastKnownFileType = archive.ar; explicitFileType = undefined; includeInIndex = 0; };
		D5984E9B2F2A494584A0F872 /* libGTM_RoundedRectPath.a */ = {isa = PBXFileReference; name = "libGTM_RoundedRectPath.a"; path = "Mobilmania/Plugins/phonegap-plugin-push/GCM/Libraries/libGTM_RoundedRectPath.a"; sourceTree = "<group>"; fileEncoding = undefined; lastKnownFileType = archive.ar; explicitFileType = undefined; includeInIndex = 0; };
		D3D01C315F5547C99C0EDE9B /* libGTM_StringEncoding.a */ = {isa = PBXFileReference; name = "libGTM_StringEncoding.a"; path = "Mobilmania/Plugins/phonegap-plugin-push/GCM/Libraries/libGTM_StringEncoding.a"; sourceTree = "<group>"; fileEncoding = undefined; lastKnownFileType = archive.ar; explicitFileType = undefined; includeInIndex = 0; };
		8829F932B8BF4030AC899F5A /* libGTM_SystemVersion.a */ = {isa = PBXFileReference; name = "libGTM_SystemVersion.a"; path = "Mobilmania/Plugins/phonegap-plugin-push/GCM/Libraries/libGTM_SystemVersion.a"; sourceTree = "<group>"; fileEncoding = undefined; lastKnownFileType = archive.ar; explicitFileType = undefined; includeInIndex = 0; };
		A5700361604F48BE8A597677 /* libGTM_UIFont+LineHeight.a */ = {isa = PBXFileReference; name = "libGTM_UIFont+LineHeight.a"; path = "Mobilmania/Plugins/phonegap-plugin-push/GCM/Libraries/libGTM_UIFont+LineHeight.a"; sourceTree = "<group>"; fileEncoding = undefined; lastKnownFileType = archive.ar; explicitFileType = undefined; includeInIndex = 0; };
		0C13783E499D4363B4CCE191 /* libGTM_core.a */ = {isa = PBXFileReference; name = "libGTM_core.a"; path = "Mobilmania/Plugins/phonegap-plugin-push/GCM/Libraries/libGTM_core.a"; sourceTree = "<group>"; fileEncoding = undefined; lastKnownFileType = archive.ar; explicitFileType = undefined; includeInIndex = 0; };
		E6989690BD474CAB8FC72102 /* libGTM_iPhone.a */ = {isa = PBXFileReference; name = "libGTM_iPhone.a"; path = "Mobilmania/Plugins/phonegap-plugin-push/GCM/Libraries/libGTM_iPhone.a"; sourceTree = "<group>"; fileEncoding = undefined; lastKnownFileType = archive.ar; explicitFileType = undefined; includeInIndex = 0; };
		52C09DB3BA544710954DB586 /* libGcmLib.a */ = {isa = PBXFileReference; name = "libGcmLib.a"; path = "Mobilmania/Plugins/phonegap-plugin-push/GCM/Libraries/libGcmLib.a"; sourceTree = "<group>"; fileEncoding = undefined; lastKnownFileType = archive.ar; explicitFileType = undefined; includeInIndex = 0; };
		5FB12347540043B1BC19624D /* libProtocolBuffers.a */ = {isa = PBXFileReference; name = "libProtocolBuffers.a"; path = "Mobilmania/Plugins/phonegap-plugin-push/GCM/Libraries/libProtocolBuffers.a"; sourceTree = "<group>"; fileEncoding = undefined; lastKnownFileType = archive.ar; explicitFileType = undefined; includeInIndex = 0; };
		ACA64DC06AD640388EE2D6DC /* AppDelegate+notification.h */ = {isa = PBXFileReference; name = "AppDelegate+notification.h"; path = "phonegap-plugin-push/AppDelegate+notification.h"; sourceTree = "<group>"; fileEncoding = 4; lastKnownFileType = sourcecode.c.h; explicitFileType = undefined; includeInIndex = 0; };
		12E633B3FE784741B1345B57 /* PushPlugin.h */ = {isa = PBXFileReference; name = "PushPlugin.h"; path = "phonegap-plugin-push/PushPlugin.h"; sourceTree = "<group>"; fileEncoding = 4; lastKnownFileType = sourcecode.c.h; explicitFileType = undefined; includeInIndex = 0; };
		60AD6277FDD44547817A7A49 /* GGLInstanceID.h */ = {isa = PBXFileReference; name = "GGLInstanceID.h"; path = "phonegap-plugin-push/GCM/Headers/GGLInstanceID.h"; sourceTree = "<group>"; fileEncoding = 4; lastKnownFileType = sourcecode.c.h; explicitFileType = undefined; includeInIndex = 0; };
		22783EEE8DF24C739253D70D /* GGLInstanceIDConfig.h */ = {isa = PBXFileReference; name = "GGLInstanceIDConfig.h"; path = "phonegap-plugin-push/GCM/Headers/GGLInstanceIDConfig.h"; sourceTree = "<group>"; fileEncoding = 4; lastKnownFileType = sourcecode.c.h; explicitFileType = undefined; includeInIndex = 0; };
		049FCA5698BC45368C067BC4 /* GGLInstanceIDDelegate.h */ = {isa = PBXFileReference; name = "GGLInstanceIDDelegate.h"; path = "phonegap-plugin-push/GCM/Headers/GGLInstanceIDDelegate.h"; sourceTree = "<group>"; fileEncoding = 4; lastKnownFileType = sourcecode.c.h; explicitFileType = undefined; includeInIndex = 0; };
		0621D4227339485B9A10B9B8 /* GGLInstanceIDHeaders.h */ = {isa = PBXFileReference; name = "GGLInstanceIDHeaders.h"; path = "phonegap-plugin-push/GCM/Headers/GGLInstanceIDHeaders.h"; sourceTree = "<group>"; fileEncoding = 4; lastKnownFileType = sourcecode.c.h; explicitFileType = undefined; includeInIndex = 0; };
		D35CE503C25149B3BC06A1FC /* CloudMessaging.h */ = {isa = PBXFileReference; name = "CloudMessaging.h"; path = "phonegap-plugin-push/GCM/Headers/CloudMessaging.h"; sourceTree = "<group>"; fileEncoding = 4; lastKnownFileType = sourcecode.c.h; explicitFileType = undefined; includeInIndex = 0; };
		85C105FF64F54FB3A8F7BBC1 /* GGLContext+CloudMessaging.h */ = {isa = PBXFileReference; name = "GGLContext+CloudMessaging.h"; path = "phonegap-plugin-push/GCM/Headers/GGLContext+CloudMessaging.h"; sourceTree = "<group>"; fileEncoding = 4; lastKnownFileType = sourcecode.c.h; explicitFileType = undefined; includeInIndex = 0; };
		E522646D395B4D66ADEBBDBA /* Core.h */ = {isa = PBXFileReference; name = "Core.h"; path = "phonegap-plugin-push/GCM/Headers/Core.h"; sourceTree = "<group>"; fileEncoding = 4; lastKnownFileType = sourcecode.c.h; explicitFileType = undefined; includeInIndex = 0; };
		F6CEABF581F641ACBEE08EB1 /* GGLConfiguration.h */ = {isa = PBXFileReference; name = "GGLConfiguration.h"; path = "phonegap-plugin-push/GCM/Headers/GGLConfiguration.h"; sourceTree = "<group>"; fileEncoding = 4; lastKnownFileType = sourcecode.c.h; explicitFileType = undefined; includeInIndex = 0; };
		4B746CFB3C8A46B9889B54FD /* GGLContext.h */ = {isa = PBXFileReference; name = "GGLContext.h"; path = "phonegap-plugin-push/GCM/Headers/GGLContext.h"; sourceTree = "<group>"; fileEncoding = 4; lastKnownFileType = sourcecode.c.h; explicitFileType = undefined; includeInIndex = 0; };
		F7A7D9FAD41648C197763DDB /* GGLErrorCode.h */ = {isa = PBXFileReference; name = "GGLErrorCode.h"; path = "phonegap-plugin-push/GCM/Headers/GGLErrorCode.h"; sourceTree = "<group>"; fileEncoding = 4; lastKnownFileType = sourcecode.c.h; explicitFileType = undefined; includeInIndex = 0; };
		1D097730D86A4607B33BA36E /* GCMConfig.h */ = {isa = PBXFileReference; name = "GCMConfig.h"; path = "phonegap-plugin-push/GCM/Headers/GCMConfig.h"; sourceTree = "<group>"; fileEncoding = 4; lastKnownFileType = sourcecode.c.h; explicitFileType = undefined; includeInIndex = 0; };
		941F0FE256BD468FA84DC366 /* GCMPubSub.h */ = {isa = PBXFileReference; name = "GCMPubSub.h"; path = "phonegap-plugin-push/GCM/Headers/GCMPubSub.h"; sourceTree = "<group>"; fileEncoding = 4; lastKnownFileType = sourcecode.c.h; explicitFileType = undefined; includeInIndex = 0; };
		A62CABBF640B45AF99659B2A /* GCMReceiverDelegate.h */ = {isa = PBXFileReference; name = "GCMReceiverDelegate.h"; path = "phonegap-plugin-push/GCM/Headers/GCMReceiverDelegate.h"; sourceTree = "<group>"; fileEncoding = 4; lastKnownFileType = sourcecode.c.h; explicitFileType = undefined; includeInIndex = 0; };
		B0E34D43D0554297985CCCAC /* GCMService.h */ = {isa = PBXFileReference; name = "GCMService.h"; path = "phonegap-plugin-push/GCM/Headers/GCMService.h"; sourceTree = "<group>"; fileEncoding = 4; lastKnownFileType = sourcecode.c.h; explicitFileType = undefined; includeInIndex = 0; };
		5EA5AE7D06D24A91AA4AE500 /* GoogleCloudMessaging.h */ = {isa = PBXFileReference; name = "GoogleCloudMessaging.h"; path = "phonegap-plugin-push/GCM/Headers/GoogleCloudMessaging.h"; sourceTree = "<group>"; fileEncoding = 4; lastKnownFileType = sourcecode.c.h; explicitFileType = undefined; includeInIndex = 0; };
		7C2B69B9A8424CC3A8196B54 /* AddressBook.framework */ = {isa = PBXFileReference; name = "AddressBook.framework"; path = "System/Library/Frameworks/AddressBook.framework"; sourceTree = SDKROOT; fileEncoding = undefined; lastKnownFileType = wrapper.framework; explicitFileType = undefined; includeInIndex = 0; };
		0DB2D0DC5FE545CF81F604BE /* libsqlite3.tbd */ = {isa = PBXFileReference; name = "libsqlite3.tbd"; path = "usr/lib/libsqlite3.tbd"; sourceTree = SDKROOT; fileEncoding = undefined; lastKnownFileType = sourcecode.text-based-dylib-definition; explicitFileType = undefined; includeInIndex = 0; };
		30DE0F6878D84DF8925F65EC /* libz.tbd */ = {isa = PBXFileReference; name = "libz.tbd"; path = "usr/lib/libz.tbd"; sourceTree = SDKROOT; fileEncoding = undefined; lastKnownFileType = sourcecode.text-based-dylib-definition; explicitFileType = undefined; includeInIndex = 0; };
		393F0D4CA39F48FDBFA99535 /* CDVDevice.m */ = {isa = PBXFileReference; name = "CDVDevice.m"; path = "cordova-plugin-device/CDVDevice.m"; sourceTree = "<group>"; fileEncoding = 4; lastKnownFileType = sourcecode.c.objc; explicitFileType = undefined; includeInIndex = 0; };
		A0DEAC5B36C44074BE7D0A8C /* CDVDevice.h */ = {isa = PBXFileReference; name = "CDVDevice.h"; path = "cordova-plugin-device/CDVDevice.h"; sourceTree = "<group>"; fileEncoding = 4; lastKnownFileType = sourcecode.c.h; explicitFileType = undefined; includeInIndex = 0; };
		79434EF6CCF4431E9EDD510D /* CDVNotification.m */ = {isa = PBXFileReference; name = "CDVNotification.m"; path = "cordova-plugin-dialogs/CDVNotification.m"; sourceTree = "<group>"; fileEncoding = 4; lastKnownFileType = sourcecode.c.objc; explicitFileType = undefined; includeInIndex = 0; };
		1C1E60D88B38406694731879 /* CDVNotification.h */ = {isa = PBXFileReference; name = "CDVNotification.h"; path = "cordova-plugin-dialogs/CDVNotification.h"; sourceTree = "<group>"; fileEncoding = 4; lastKnownFileType = sourcecode.c.h; explicitFileType = undefined; includeInIndex = 0; };
		251C15B3351844AC8EF06E11 /* CDVNotification.bundle */ = {isa = PBXFileReference; name = "CDVNotification.bundle"; path = "CDVNotification.bundle"; sourceTree = "<group>"; fileEncoding = undefined; lastKnownFileType = wrapper.plug-in; explicitFileType = undefined; includeInIndex = 0; };
		E0155927B96D4CCBBE1406B7 /* AudioToolbox.framework */ = {isa = PBXFileReference; name = "AudioToolbox.framework"; path = "System/Library/Frameworks/AudioToolbox.framework"; sourceTree = SDKROOT; fileEncoding = undefined; lastKnownFileType = wrapper.framework; explicitFileType = undefined; includeInIndex = 0; };
		F300F817FEFD4361BDE8D781 /* CDVInAppBrowser.m */ = {isa = PBXFileReference; name = "CDVInAppBrowser.m"; path = "cordova-plugin-inappbrowser/CDVInAppBrowser.m"; sourceTree = "<group>"; fileEncoding = 4; lastKnownFileType = sourcecode.c.objc; explicitFileType = undefined; includeInIndex = 0; };
		983F2A8283CE4677993355F7 /* CDVInAppBrowser.h */ = {isa = PBXFileReference; name = "CDVInAppBrowser.h"; path = "cordova-plugin-inappbrowser/CDVInAppBrowser.h"; sourceTree = "<group>"; fileEncoding = 4; lastKnownFileType = sourcecode.c.h; explicitFileType = undefined; includeInIndex = 0; };
		C5BC757B7548404CB52E1FD9 /* CDVConnection.m */ = {isa = PBXFileReference; name = "CDVConnection.m"; path = "cordova-plugin-network-information/CDVConnection.m"; sourceTree = "<group>"; fileEncoding = 4; lastKnownFileType = sourcecode.c.objc; explicitFileType = undefined; includeInIndex = 0; };
		FE17236F3E464F2EA0650DEE /* CDVReachability.m */ = {isa = PBXFileReference; name = "CDVReachability.m"; path = "cordova-plugin-network-information/CDVReachability.m"; sourceTree = "<group>"; fileEncoding = 4; lastKnownFileType = sourcecode.c.objc; explicitFileType = undefined; includeInIndex = 0; };
		7737BC8E9450498AB4A3F64A /* CDVConnection.h */ = {isa = PBXFileReference; name = "CDVConnection.h"; path = "cordova-plugin-network-information/CDVConnection.h"; sourceTree = "<group>"; fileEncoding = 4; lastKnownFileType = sourcecode.c.h; explicitFileType = undefined; includeInIndex = 0; };
		9FD92ACB36D7412EA6C9B51C /* CDVReachability.h */ = {isa = PBXFileReference; name = "CDVReachability.h"; path = "cordova-plugin-network-information/CDVReachability.h"; sourceTree = "<group>"; fileEncoding = 4; lastKnownFileType = sourcecode.c.h; explicitFileType = undefined; includeInIndex = 0; };
		9431DC7D99214D9A800E6EFA /* SystemConfiguration.framework */ = {isa = PBXFileReference; name = "SystemConfiguration.framework"; path = "System/Library/Frameworks/SystemConfiguration.framework"; sourceTree = SDKROOT; fileEncoding = undefined; lastKnownFileType = wrapper.framework; explicitFileType = undefined; includeInIndex = 0; };
		9E81AA89C18C46CFA8992283 /* CoreTelephony.framework */ = {isa = PBXFileReference; name = "CoreTelephony.framework"; path = "System/Library/Frameworks/CoreTelephony.framework"; sourceTree = SDKROOT; fileEncoding = undefined; lastKnownFileType = wrapper.framework; explicitFileType = undefined; includeInIndex = 0; };
		C5096ACD50224354B245A344 /* CDVStatusBar.m */ = {isa = PBXFileReference; name = "CDVStatusBar.m"; path = "cordova-plugin-statusbar/CDVStatusBar.m"; sourceTree = "<group>"; fileEncoding = 4; lastKnownFileType = sourcecode.c.objc; explicitFileType = undefined; includeInIndex = 0; };
		4058D70F484F4488B99E12BA /* CDVStatusBar.h */ = {isa = PBXFileReference; name = "CDVStatusBar.h"; path = "cordova-plugin-statusbar/CDVStatusBar.h"; sourceTree = "<group>"; fileEncoding = 4; lastKnownFileType = sourcecode.c.h; explicitFileType = undefined; includeInIndex = 0; };
		26A88A9717D54B4E900116DE /* CDVContacts.m */ = {isa = PBXFileReference; name = "CDVContacts.m"; path = "cordova-plugin-contacts/CDVContacts.m"; sourceTree = "<group>"; fileEncoding = 4; lastKnownFileType = sourcecode.c.objc; explicitFileType = undefined; includeInIndex = 0; };
		3B56317017C0457EBBA65C08 /* CDVContact.m */ = {isa = PBXFileReference; name = "CDVContact.m"; path = "cordova-plugin-contacts/CDVContact.m"; sourceTree = "<group>"; fileEncoding = 4; lastKnownFileType = sourcecode.c.objc; explicitFileType = undefined; includeInIndex = 0; };
		C3DC504F75AE4D34B09C9CB2 /* CDVContacts.h */ = {isa = PBXFileReference; name = "CDVContacts.h"; path = "cordova-plugin-contacts/CDVContacts.h"; sourceTree = "<group>"; fileEncoding = 4; lastKnownFileType = sourcecode.c.h; explicitFileType = undefined; includeInIndex = 0; };
		D546F10D5EB34B1D99D2E61E /* CDVContact.h */ = {isa = PBXFileReference; name = "CDVContact.h"; path = "cordova-plugin-contacts/CDVContact.h"; sourceTree = "<group>"; fileEncoding = 4; lastKnownFileType = sourcecode.c.h; explicitFileType = undefined; includeInIndex = 0; };
		D728127529594B009CF2066D /* AddressBookUI.framework */ = {isa = PBXFileReference; name = "AddressBookUI.framework"; path = "System/Library/Frameworks/AddressBookUI.framework"; sourceTree = SDKROOT; fileEncoding = undefined; lastKnownFileType = wrapper.framework; explicitFileType = undefined; includeInIndex = 0; };
		D2D1ABD9B9FF417187BDE9E6 /* NSString+SSURLEncoding.m */ = {isa = PBXFileReference; name = "NSString+SSURLEncoding.m"; path = "cordova-plugin-x-socialsharing/NSString+SSURLEncoding.m"; sourceTree = "<group>"; fileEncoding = 4; lastKnownFileType = sourcecode.c.objc; explicitFileType = undefined; includeInIndex = 0; };
		8ACF65C1E15243B9B9608A0B /* SocialSharing.m */ = {isa = PBXFileReference; name = "SocialSharing.m"; path = "cordova-plugin-x-socialsharing/SocialSharing.m"; sourceTree = "<group>"; fileEncoding = 4; lastKnownFileType = sourcecode.c.objc; explicitFileType = undefined; includeInIndex = 0; };
		ED155124053041E395F31849 /* NSString+SSURLEncoding.h */ = {isa = PBXFileReference; name = "NSString+SSURLEncoding.h"; path = "cordova-plugin-x-socialsharing/NSString+SSURLEncoding.h"; sourceTree = "<group>"; fileEncoding = 4; lastKnownFileType = sourcecode.c.h; explicitFileType = undefined; includeInIndex = 0; };
		A520A9853BDF4FF089BC14F8 /* SocialSharing.h */ = {isa = PBXFileReference; name = "SocialSharing.h"; path = "cordova-plugin-x-socialsharing/SocialSharing.h"; sourceTree = "<group>"; fileEncoding = 4; lastKnownFileType = sourcecode.c.h; explicitFileType = undefined; includeInIndex = 0; };
		A330DAEBE5E84564B1166E95 /* Social.framework */ = {isa = PBXFileReference; name = "Social.framework"; path = "System/Library/Frameworks/Social.framework"; sourceTree = SDKROOT; fileEncoding = undefined; lastKnownFileType = wrapper.framework; explicitFileType = undefined; includeInIndex = 0; };
		144DC3A3A50F45EEBAB96AA0 /* MessageUI.framework */ = {isa = PBXFileReference; name = "MessageUI.framework"; path = "System/Library/Frameworks/MessageUI.framework"; sourceTree = SDKROOT; fileEncoding = undefined; lastKnownFileType = wrapper.framework; explicitFileType = undefined; includeInIndex = 0; };
/* End PBXFileReference section */

/* Begin PBXFrameworksBuildPhase section */
		1D60588F0D05DD3D006BFB54 /* Frameworks */ = {
			isa = PBXFrameworksBuildPhase;
			buildActionMask = 2147483647;
			files = (
				301BF552109A68D80062928A /* libCordova.a in Frameworks */,
				948E2CA42D8643A2BE7AE91D /* libGGLCloudMessaging.a in Frameworks */,
				D35F7BAB813D4E2AB7EF5DB1 /* libGGLCore.a in Frameworks */,
				9B37FD18546D47DDAEA02C40 /* libGGLInstanceIDLib.a in Frameworks */,
				58AC8B43910A463981F16085 /* libGIP_Reachability.a in Frameworks */,
				9185546F54A2415EBC0EECD3 /* libGSDK_Overload.a in Frameworks */,
				542B3E6083884932B1AAB3BC /* libGTMSessionFetcher_core.a in Frameworks */,
				F6800A6188ED46869DFDD6EA /* libGTMSessionFetcher_full.a in Frameworks */,
				2F3559186E5845E5A1F7E106 /* libGTMStackTrace.a in Frameworks */,
				82607617899B462583E7D363 /* libGTM_AddressBook.a in Frameworks */,
				90D84EAFD74645C58E9F0A72 /* libGTM_DebugUtils.a in Frameworks */,
				D3BE1871C1FA44D28990BBA4 /* libGTM_GTMURLBuilder.a in Frameworks */,
				9D22742D7BB04B548BC8E58C /* libGTM_KVO.a in Frameworks */,
				4B18C5F1C4B94FF3B7EBDB99 /* libGTM_NSData+zlib.a in Frameworks */,
				D180C3862D9843E7B57F9585 /* libGTM_NSDictionary+URLArguments.a in Frameworks */,
				A8210435A40E46478A56A9A6 /* libGTM_NSScannerJSON.a in Frameworks */,
				E7FA5B3400E4443EB6162CEC /* libGTM_NSStringHTML.a in Frameworks */,
				6125441E69234B8A8D67D169 /* libGTM_NSStringXML.a in Frameworks */,
				8311E34B935249D29853805E /* libGTM_Regex.a in Frameworks */,
				CC7C1055B9514A04B01795D1 /* libGTM_RoundedRectPath.a in Frameworks */,
				E4EE464341D14DE89AC69256 /* libGTM_StringEncoding.a in Frameworks */,
				01A4D371E10449CEB157197D /* libGTM_SystemVersion.a in Frameworks */,
				606AEBBA2839496AB37E05A1 /* libGTM_UIFont+LineHeight.a in Frameworks */,
				5ED6D970C861478EA030E48E /* libGTM_core.a in Frameworks */,
				16476169117E46E682AFCEAD /* libGTM_iPhone.a in Frameworks */,
				14F6AA02098C4E42A47D7AE6 /* libGcmLib.a in Frameworks */,
				2162BD9F584549D6A1EB5B70 /* libProtocolBuffers.a in Frameworks */,
				F83760E2A9F544D397C53D87 /* AddressBook.framework in Frameworks */,
				130B1F912D3049EE90C5769B /* libsqlite3.tbd in Frameworks */,
				15E7111060314295BB4922AB /* libz.tbd in Frameworks */,
				F9F18F3CBC8141E8926D1AB8 /* AudioToolbox.framework in Frameworks */,
				E96A4483CDFC42C0876B5F7B /* SystemConfiguration.framework in Frameworks */,
				1DD85618FAAA4DC9BB5EE94E /* CoreTelephony.framework in Frameworks */,
				9066487B59394631BE9C20CD /* AddressBookUI.framework in Frameworks */,
				92A28BC316F44C70AF34DA3F /* Social.framework in Frameworks */,
				6C25BA643DAC49B5A6CAE167 /* MessageUI.framework in Frameworks */,
			);
			runOnlyForDeploymentPostprocessing = 0;
		};
/* End PBXFrameworksBuildPhase section */

/* Begin PBXGroup section */
		080E96DDFE201D6D7F000001 /* Classes */ = {
			isa = PBXGroup;
			children = (
				302D95EE14D2391D003F00A1 /* MainViewController.h */,
				302D95EF14D2391D003F00A1 /* MainViewController.m */,
				302D95F014D2391D003F00A1 /* MainViewController.xib */,
				1D3623240D0F684500981E51 /* AppDelegate.h */,
				1D3623250D0F684500981E51 /* AppDelegate.m */,
			);
			name = Classes;
			path = "Mobilmania/Classes";
			sourceTree = SOURCE_ROOT;
		};
		19C28FACFE9D520D11CA2CBB /* Products */ = {
			isa = PBXGroup;
			children = (
				1D6058910D05DD3D006BFB54 /* Mobilmania.app */,
			);
			name = Products;
			sourceTree = "<group>";
		};
		29B97314FDCFA39411CA2CEA /* CustomTemplate */ = {
			isa = PBXGroup;
			children = (
				EB87FDF41871DAF40020F90C /* config.xml */,
				EB87FDF31871DA8E0020F90C /* www */,
				EB87FDF11871DA420020F90C /* Staging */,
				301BF52D109A57CC0062928A /* CordovaLib.xcodeproj */,
				080E96DDFE201D6D7F000001 /* Classes */,
				307C750510C5A3420062BCA9 /* Plugins */,
				29B97315FDCFA39411CA2CEA /* Other Sources */,
				29B97317FDCFA39411CA2CEA /* Resources */,
				29B97323FDCFA39411CA2CEA /* Frameworks */,
				19C28FACFE9D520D11CA2CBB /* Products */,
			);
			name = CustomTemplate;
			sourceTree = "<group>";
		};
		29B97315FDCFA39411CA2CEA /* Other Sources */ = {
			isa = PBXGroup;
			children = (
				32CA4F630368D1EE00C91783 /* Mobilmania-Prefix.pch */,
				29B97316FDCFA39411CA2CEA /* main.m */,
				ED33DF2A687741AEAF9F8254 /* Bridging-Header.h */,
			);
			name = "Other Sources";
			path = "Mobilmania";
			sourceTree = "<group>";
		};
		29B97317FDCFA39411CA2CEA /* Resources */ = {
			isa = PBXGroup;
			children = (
				0207DA571B56EA530066E2B4 /* Images.xcassets */,
				3047A50E1AB8057F00498E2A /* config */,
				8D1107310486CEB800E47090 /* Mobilmania-Info.plist */,
				6AFF5BF81D6E424B00AB3073 /* CDVLaunchScreen.storyboard */,
				251C15B3351844AC8EF06E11 /* CDVNotification.bundle */,
			);
			name = Resources;
			path = "Mobilmania/Resources";
			sourceTree = "<group>";
		};
		29B97323FDCFA39411CA2CEA /* Frameworks */ = {
			isa = PBXGroup;
			children = (
				7E2C9143346544E18B94D832 /* libGGLCloudMessaging.a */,
				5204EF76019346C1A90385F5 /* libGGLCore.a */,
				D878A5C36CBD44449523F371 /* libGGLInstanceIDLib.a */,
				66482DB2AEF8483794137644 /* libGIP_Reachability.a */,
				5114079C09E94465AC5C2C50 /* libGSDK_Overload.a */,
				5CD8839A58A145D1BFEA9369 /* libGTMSessionFetcher_core.a */,
				F94FDFA3CA74431E825298F3 /* libGTMSessionFetcher_full.a */,
				02848E17EAF046E5A0385BEE /* libGTMStackTrace.a */,
				9DA552B42374437593F6FAA3 /* libGTM_AddressBook.a */,
				D2721BB11B104C059E057D57 /* libGTM_DebugUtils.a */,
				37AA4C5223B44116BDC5C518 /* libGTM_GTMURLBuilder.a */,
				022743FA908C48C7AF9DDC45 /* libGTM_KVO.a */,
				F3A6A1D22A6946599206D845 /* libGTM_NSData+zlib.a */,
				FEDC05E6EDE44E7998F293B7 /* libGTM_NSDictionary+URLArguments.a */,
				9040F8B8176F4AC28CB5D5F7 /* libGTM_NSScannerJSON.a */,
				D94CDAC51A9242E1925B0579 /* libGTM_NSStringHTML.a */,
				E1BA68AF008444FEA3CE061E /* libGTM_NSStringXML.a */,
				AE67835C23824C31BD5E351C /* libGTM_Regex.a */,
				D5984E9B2F2A494584A0F872 /* libGTM_RoundedRectPath.a */,
				D3D01C315F5547C99C0EDE9B /* libGTM_StringEncoding.a */,
				8829F932B8BF4030AC899F5A /* libGTM_SystemVersion.a */,
				A5700361604F48BE8A597677 /* libGTM_UIFont+LineHeight.a */,
				0C13783E499D4363B4CCE191 /* libGTM_core.a */,
				E6989690BD474CAB8FC72102 /* libGTM_iPhone.a */,
				52C09DB3BA544710954DB586 /* libGcmLib.a */,
				5FB12347540043B1BC19624D /* libProtocolBuffers.a */,
				7C2B69B9A8424CC3A8196B54 /* AddressBook.framework */,
				0DB2D0DC5FE545CF81F604BE /* libsqlite3.tbd */,
				30DE0F6878D84DF8925F65EC /* libz.tbd */,
				E0155927B96D4CCBBE1406B7 /* AudioToolbox.framework */,
				9431DC7D99214D9A800E6EFA /* SystemConfiguration.framework */,
				9E81AA89C18C46CFA8992283 /* CoreTelephony.framework */,
				D728127529594B009CF2066D /* AddressBookUI.framework */,
				A330DAEBE5E84564B1166E95 /* Social.framework */,
				144DC3A3A50F45EEBAB96AA0 /* MessageUI.framework */,
			);
			name = Frameworks;
			sourceTree = "<group>";
		};
		301BF52E109A57CC0062928A /* Products */ = {
			isa = PBXGroup;
			children = (
				301BF535109A57CC0062928A /* libCordova.a */,
			);
			name = Products;
			sourceTree = "<group>";
		};
		3047A50E1AB8057F00498E2A /* config */ = {
			isa = PBXGroup;
			children = (
				3047A50F1AB8059700498E2A /* build-debug.xcconfig */,
				3047A5101AB8059700498E2A /* build-release.xcconfig */,
				3047A5111AB8059700498E2A /* build.xcconfig */,
			);
			name = config;
			sourceTree = "<group>";
		};
		307C750510C5A3420062BCA9 /* Plugins */ = {
			isa = PBXGroup;
			children = (
				C2D2DB6A1EF148CAA3B4D2B5 /* AppDelegate+notification.m */,
				050792E401B74AC390BE9CDE /* PushPlugin.m */,
				ACA64DC06AD640388EE2D6DC /* AppDelegate+notification.h */,
				12E633B3FE784741B1345B57 /* PushPlugin.h */,
				60AD6277FDD44547817A7A49 /* GGLInstanceID.h */,
				22783EEE8DF24C739253D70D /* GGLInstanceIDConfig.h */,
				049FCA5698BC45368C067BC4 /* GGLInstanceIDDelegate.h */,
				0621D4227339485B9A10B9B8 /* GGLInstanceIDHeaders.h */,
				D35CE503C25149B3BC06A1FC /* CloudMessaging.h */,
				85C105FF64F54FB3A8F7BBC1 /* GGLContext+CloudMessaging.h */,
				E522646D395B4D66ADEBBDBA /* Core.h */,
				F6CEABF581F641ACBEE08EB1 /* GGLConfiguration.h */,
				4B746CFB3C8A46B9889B54FD /* GGLContext.h */,
				F7A7D9FAD41648C197763DDB /* GGLErrorCode.h */,
				1D097730D86A4607B33BA36E /* GCMConfig.h */,
				941F0FE256BD468FA84DC366 /* GCMPubSub.h */,
				A62CABBF640B45AF99659B2A /* GCMReceiverDelegate.h */,
				B0E34D43D0554297985CCCAC /* GCMService.h */,
				5EA5AE7D06D24A91AA4AE500 /* GoogleCloudMessaging.h */,
				393F0D4CA39F48FDBFA99535 /* CDVDevice.m */,
				A0DEAC5B36C44074BE7D0A8C /* CDVDevice.h */,
				79434EF6CCF4431E9EDD510D /* CDVNotification.m */,
				1C1E60D88B38406694731879 /* CDVNotification.h */,
				F300F817FEFD4361BDE8D781 /* CDVInAppBrowser.m */,
				983F2A8283CE4677993355F7 /* CDVInAppBrowser.h */,
				C5BC757B7548404CB52E1FD9 /* CDVConnection.m */,
				FE17236F3E464F2EA0650DEE /* CDVReachability.m */,
				7737BC8E9450498AB4A3F64A /* CDVConnection.h */,
				9FD92ACB36D7412EA6C9B51C /* CDVReachability.h */,
				C5096ACD50224354B245A344 /* CDVStatusBar.m */,
				4058D70F484F4488B99E12BA /* CDVStatusBar.h */,
				26A88A9717D54B4E900116DE /* CDVContacts.m */,
				3B56317017C0457EBBA65C08 /* CDVContact.m */,
				C3DC504F75AE4D34B09C9CB2 /* CDVContacts.h */,
				D546F10D5EB34B1D99D2E61E /* CDVContact.h */,
				D2D1ABD9B9FF417187BDE9E6 /* NSString+SSURLEncoding.m */,
				8ACF65C1E15243B9B9608A0B /* SocialSharing.m */,
				ED155124053041E395F31849 /* NSString+SSURLEncoding.h */,
				A520A9853BDF4FF089BC14F8 /* SocialSharing.h */,
			);
			name = Plugins;
			path = "Mobilmania/Plugins";
			sourceTree = SOURCE_ROOT;
		};
		EB87FDF11871DA420020F90C /* Staging */ = {
			isa = PBXGroup;
			children = (
				F840E1F0165FE0F500CFE078 /* config.xml */,
				301BF56E109A69640062928A /* www */,
			);
			name = Staging;
			sourceTree = "<group>";
		};
/* End PBXGroup section */

/* Begin PBXNativeTarget section */
		1D6058900D05DD3D006BFB54 /* Mobilmania */ = {
			isa = PBXNativeTarget;
			buildConfigurationList = 1D6058960D05DD3E006BFB54 /* Build configuration list for PBXNativeTarget "Mobilmania" */;
			buildPhases = (
				304B58A110DAC018002A0835 /* Copy www directory */,
				1D60588D0D05DD3D006BFB54 /* Resources */,
				1D60588E0D05DD3D006BFB54 /* Sources */,
				1D60588F0D05DD3D006BFB54 /* Frameworks */,
			);
			buildRules = (
			);
			dependencies = (
				301BF551109A68C00062928A /* PBXTargetDependency */,
			);
			name = "Mobilmania";
			productName = "Mobilmania";
			productReference = 1D6058910D05DD3D006BFB54 /* Mobilmania.app */;
			productType = "com.apple.product-type.application";
		};
/* End PBXNativeTarget section */

/* Begin PBXProject section */
		29B97313FDCFA39411CA2CEA /* Project object */ = {
			isa = PBXProject;
			attributes = {
				LastUpgradeCheck = 510;
			};
			buildConfigurationList = C01FCF4E08A954540054247B /* Build configuration list for PBXProject "__NON-CLI__" */;
			compatibilityVersion = "Xcode 3.2";
			developmentRegion = English;
			hasScannedForEncodings = 1;
			mainGroup = 29B97314FDCFA39411CA2CEA /* CustomTemplate */;
			projectDirPath = "";
			projectReferences = (
				{
					ProductGroup = 301BF52E109A57CC0062928A /* Products */;
					ProjectRef = 301BF52D109A57CC0062928A /* CordovaLib.xcodeproj */;
				},
			);
			projectRoot = "";
			targets = (
				1D6058900D05DD3D006BFB54 /* Mobilmania */,
			);
		};
/* End PBXProject section */

/* Begin PBXReferenceProxy section */
		301BF535109A57CC0062928A /* libCordova.a */ = {
			isa = PBXReferenceProxy;
			fileType = archive.ar;
			path = libCordova.a;
			remoteRef = 301BF534109A57CC0062928A /* PBXContainerItemProxy */;
			sourceTree = BUILT_PRODUCTS_DIR;
		};
/* End PBXReferenceProxy section */

/* Begin PBXResourcesBuildPhase section */
		1D60588D0D05DD3D006BFB54 /* Resources */ = {
			isa = PBXResourcesBuildPhase;
			buildActionMask = 2147483647;
			files = (
				302D95F214D2391D003F00A1 /* MainViewController.xib in Resources */,
				0207DA581B56EA530066E2B4 /* Images.xcassets in Resources */,
				6AFF5BF91D6E424B00AB3073 /* CDVLaunchScreen.storyboard in Resources */,
				AF95DA96DE7E428399CD1B6A /* CDVNotification.bundle in Resources */,
			);
			runOnlyForDeploymentPostprocessing = 0;
		};
/* End PBXResourcesBuildPhase section */

/* Begin PBXShellScriptBuildPhase section */
		304B58A110DAC018002A0835 /* Copy www directory */ = {
			isa = PBXShellScriptBuildPhase;
			buildActionMask = 2147483647;
			files = (
			);
			inputPaths = (
			);
			name = "Copy www directory";
			outputPaths = (
			);
			runOnlyForDeploymentPostprocessing = 0;
			shellPath = /bin/sh;
			shellScript = "NODEJS_PATH=/usr/local/bin; NVM_NODE_PATH=~/.nvm/versions/node/`nvm version 2>/dev/null`/bin; N_NODE_PATH=`find /usr/local/n/versions/node/* -maxdepth 0 -type d 2>/dev/null | tail -1`/bin; XCODE_NODE_PATH=`xcode-select --print-path`/usr/share/xcs/Node/bin; PATH=$NODEJS_PATH:$NVM_NODE_PATH:$N_NODE_PATH:$XCODE_NODE_PATH:$PATH && node cordova/lib/copy-www-build-step.js";
			showEnvVarsInLog = 0;
		};
/* End PBXShellScriptBuildPhase section */

/* Begin PBXSourcesBuildPhase section */
		1D60588E0D05DD3D006BFB54 /* Sources */ = {
			isa = PBXSourcesBuildPhase;
			buildActionMask = 2147483647;
			files = (
				1D60589B0D05DD56006BFB54 /* main.m in Sources */,
				1D3623260D0F684500981E51 /* AppDelegate.m in Sources */,
				302D95F114D2391D003F00A1 /* MainViewController.m in Sources */,
				D3C71A03A67B42A883743FE5 /* AppDelegate+notification.m in Sources */,
				8FBBDEB1E5B446A29C4DDBF2 /* PushPlugin.m in Sources */,
				D9734174B2F042098F56E298 /* CDVDevice.m in Sources */,
				E34E9B910A9A4A20BCC24EA8 /* CDVNotification.m in Sources */,
				51B522D55C334D1E824931D6 /* CDVInAppBrowser.m in Sources */,
				FFD790BE433240B18A6ABF6C /* CDVConnection.m in Sources */,
				EA2E946EA6F844A7AD597E29 /* CDVReachability.m in Sources */,
				812974D6A3C14A618784EB7B /* CDVStatusBar.m in Sources */,
				EBE681B4DFEE4C1CAEA8ACD8 /* CDVContacts.m in Sources */,
				31B611366A9C435A93E70FA2 /* CDVContact.m in Sources */,
				CE20289F37D04155B6D478C5 /* NSString+SSURLEncoding.m in Sources */,
				3455E3A6E6FF4B0483733541 /* SocialSharing.m in Sources */,
			);
			runOnlyForDeploymentPostprocessing = 0;
		};
/* End PBXSourcesBuildPhase section */

/* Begin PBXTargetDependency section */
		301BF551109A68C00062928A /* PBXTargetDependency */ = {
			isa = PBXTargetDependency;
			name = CordovaLib;
			targetProxy = 301BF550109A68C00062928A /* PBXContainerItemProxy */;
		};
/* End PBXTargetDependency section */

/* Begin XCBuildConfiguration section */
		1D6058940D05DD3E006BFB54 /* Debug */ = {
			isa = XCBuildConfiguration;
			baseConfigurationReference = 3047A50F1AB8059700498E2A /* build-debug.xcconfig */;
			buildSettings = {
				ALWAYS_SEARCH_USER_PATHS = NO;
				ASSETCATALOG_COMPILER_APPICON_NAME = AppIcon;
				ASSETCATALOG_COMPILER_LAUNCHIMAGE_NAME = LaunchImage;
				CLANG_ENABLE_MODULES = YES;
				CLANG_ENABLE_OBJC_ARC = YES;
				COPY_PHASE_STRIP = NO;
				GCC_DYNAMIC_NO_PIC = NO;
				GCC_OPTIMIZATION_LEVEL = 0;
				GCC_PRECOMPILE_PREFIX_HEADER = YES;
				GCC_PREFIX_HEADER = "Mobilmania/Mobilmania-Prefix.pch";
				GCC_THUMB_SUPPORT = NO;
				GCC_VERSION = "";
				INFOPLIST_FILE = "Mobilmania/Mobilmania-Info.plist";
				IPHONEOS_DEPLOYMENT_TARGET = 8.0;
				LD_RUNPATH_SEARCH_PATHS = "@executable_path/Frameworks";
				TARGETED_DEVICE_FAMILY = "1,2";
				PRODUCT_NAME = "Mobilmania";
				LIBRARY_SEARCH_PATHS = (
					"$(inherited)",
					"\"$(SRCROOT)/Mobilmania/Plugins/phonegap-plugin-push/GCM/Libraries\"",
					"\"$(SRCROOT)/Mobilmania/Plugins/phonegap-plugin-push/GCM/Libraries\"",
					"\"$(SRCROOT)/Mobilmania/Plugins/phonegap-plugin-push/GCM/Libraries\"",
					"\"$(SRCROOT)/Mobilmania/Plugins/phonegap-plugin-push/GCM/Libraries\"",
					"\"$(SRCROOT)/Mobilmania/Plugins/phonegap-plugin-push/GCM/Libraries\"",
					"\"$(SRCROOT)/Mobilmania/Plugins/phonegap-plugin-push/GCM/Libraries\"",
					"\"$(SRCROOT)/Mobilmania/Plugins/phonegap-plugin-push/GCM/Libraries\"",
					"\"$(SRCROOT)/Mobilmania/Plugins/phonegap-plugin-push/GCM/Libraries\"",
					"\"$(SRCROOT)/Mobilmania/Plugins/phonegap-plugin-push/GCM/Libraries\"",
					"\"$(SRCROOT)/Mobilmania/Plugins/phonegap-plugin-push/GCM/Libraries\"",
					"\"$(SRCROOT)/Mobilmania/Plugins/phonegap-plugin-push/GCM/Libraries\"",
					"\"$(SRCROOT)/Mobilmania/Plugins/phonegap-plugin-push/GCM/Libraries\"",
					"\"$(SRCROOT)/Mobilmania/Plugins/phonegap-plugin-push/GCM/Libraries\"",
					"\"$(SRCROOT)/Mobilmania/Plugins/phonegap-plugin-push/GCM/Libraries\"",
					"\"$(SRCROOT)/Mobilmania/Plugins/phonegap-plugin-push/GCM/Libraries\"",
					"\"$(SRCROOT)/Mobilmania/Plugins/phonegap-plugin-push/GCM/Libraries\"",
					"\"$(SRCROOT)/Mobilmania/Plugins/phonegap-plugin-push/GCM/Libraries\"",
					"\"$(SRCROOT)/Mobilmania/Plugins/phonegap-plugin-push/GCM/Libraries\"",
					"\"$(SRCROOT)/Mobilmania/Plugins/phonegap-plugin-push/GCM/Libraries\"",
					"\"$(SRCROOT)/Mobilmania/Plugins/phonegap-plugin-push/GCM/Libraries\"",
					"\"$(SRCROOT)/Mobilmania/Plugins/phonegap-plugin-push/GCM/Libraries\"",
					"\"$(SRCROOT)/Mobilmania/Plugins/phonegap-plugin-push/GCM/Libraries\"",
					"\"$(SRCROOT)/Mobilmania/Plugins/phonegap-plugin-push/GCM/Libraries\"",
					"\"$(SRCROOT)/Mobilmania/Plugins/phonegap-plugin-push/GCM/Libraries\"",
					"\"$(SRCROOT)/Mobilmania/Plugins/phonegap-plugin-push/GCM/Libraries\"",
					"\"$(SRCROOT)/Mobilmania/Plugins/phonegap-plugin-push/GCM/Libraries\"",
				);
			};
			name = Debug;
		};
		1D6058950D05DD3E006BFB54 /* Release */ = {
			isa = XCBuildConfiguration;
			baseConfigurationReference = 3047A5101AB8059700498E2A /* build-release.xcconfig */;
			buildSettings = {
				ALWAYS_SEARCH_USER_PATHS = NO;
				ASSETCATALOG_COMPILER_APPICON_NAME = AppIcon;
				ASSETCATALOG_COMPILER_LAUNCHIMAGE_NAME = LaunchImage;
				CLANG_ENABLE_MODULES = YES;
				CLANG_ENABLE_OBJC_ARC = YES;
				COPY_PHASE_STRIP = YES;
				GCC_PRECOMPILE_PREFIX_HEADER = YES;
				GCC_PREFIX_HEADER = "Mobilmania/Mobilmania-Prefix.pch";
				GCC_THUMB_SUPPORT = NO;
				GCC_VERSION = "";
				INFOPLIST_FILE = "Mobilmania/Mobilmania-Info.plist";
				IPHONEOS_DEPLOYMENT_TARGET = 8.0;
				LD_RUNPATH_SEARCH_PATHS = "@executable_path/Frameworks";
				TARGETED_DEVICE_FAMILY = "1,2";
				PRODUCT_NAME = "Mobilmania";
				LIBRARY_SEARCH_PATHS = (
					"$(inherited)",
					"\"$(SRCROOT)/Mobilmania/Plugins/phonegap-plugin-push/GCM/Libraries\"",
					"\"$(SRCROOT)/Mobilmania/Plugins/phonegap-plugin-push/GCM/Libraries\"",
					"\"$(SRCROOT)/Mobilmania/Plugins/phonegap-plugin-push/GCM/Libraries\"",
					"\"$(SRCROOT)/Mobilmania/Plugins/phonegap-plugin-push/GCM/Libraries\"",
					"\"$(SRCROOT)/Mobilmania/Plugins/phonegap-plugin-push/GCM/Libraries\"",
					"\"$(SRCROOT)/Mobilmania/Plugins/phonegap-plugin-push/GCM/Libraries\"",
					"\"$(SRCROOT)/Mobilmania/Plugins/phonegap-plugin-push/GCM/Libraries\"",
					"\"$(SRCROOT)/Mobilmania/Plugins/phonegap-plugin-push/GCM/Libraries\"",
					"\"$(SRCROOT)/Mobilmania/Plugins/phonegap-plugin-push/GCM/Libraries\"",
					"\"$(SRCROOT)/Mobilmania/Plugins/phonegap-plugin-push/GCM/Libraries\"",
					"\"$(SRCROOT)/Mobilmania/Plugins/phonegap-plugin-push/GCM/Libraries\"",
					"\"$(SRCROOT)/Mobilmania/Plugins/phonegap-plugin-push/GCM/Libraries\"",
					"\"$(SRCROOT)/Mobilmania/Plugins/phonegap-plugin-push/GCM/Libraries\"",
					"\"$(SRCROOT)/Mobilmania/Plugins/phonegap-plugin-push/GCM/Libraries\"",
					"\"$(SRCROOT)/Mobilmania/Plugins/phonegap-plugin-push/GCM/Libraries\"",
					"\"$(SRCROOT)/Mobilmania/Plugins/phonegap-plugin-push/GCM/Libraries\"",
					"\"$(SRCROOT)/Mobilmania/Plugins/phonegap-plugin-push/GCM/Libraries\"",
					"\"$(SRCROOT)/Mobilmania/Plugins/phonegap-plugin-push/GCM/Libraries\"",
					"\"$(SRCROOT)/Mobilmania/Plugins/phonegap-plugin-push/GCM/Libraries\"",
					"\"$(SRCROOT)/Mobilmania/Plugins/phonegap-plugin-push/GCM/Libraries\"",
					"\"$(SRCROOT)/Mobilmania/Plugins/phonegap-plugin-push/GCM/Libraries\"",
					"\"$(SRCROOT)/Mobilmania/Plugins/phonegap-plugin-push/GCM/Libraries\"",
					"\"$(SRCROOT)/Mobilmania/Plugins/phonegap-plugin-push/GCM/Libraries\"",
					"\"$(SRCROOT)/Mobilmania/Plugins/phonegap-plugin-push/GCM/Libraries\"",
					"\"$(SRCROOT)/Mobilmania/Plugins/phonegap-plugin-push/GCM/Libraries\"",
					"\"$(SRCROOT)/Mobilmania/Plugins/phonegap-plugin-push/GCM/Libraries\"",
				);
			};
			name = Release;
		};
		C01FCF4F08A954540054247B /* Debug */ = {
			isa = XCBuildConfiguration;
			baseConfigurationReference = 3047A5111AB8059700498E2A /* build.xcconfig */;
			buildSettings = {
				CLANG_ENABLE_MODULES = YES;
				CLANG_ENABLE_OBJC_ARC = YES;
				CLANG_WARN_BOOL_CONVERSION = YES;
				CLANG_WARN_CONSTANT_CONVERSION = YES;
				CLANG_WARN_EMPTY_BODY = YES;
				CLANG_WARN_ENUM_CONVERSION = YES;
				CLANG_WARN_INT_CONVERSION = YES;
				CLANG_WARN__DUPLICATE_METHOD_MATCH = YES;
				GCC_C_LANGUAGE_STANDARD = c99;
				GCC_THUMB_SUPPORT = NO;
				GCC_VERSION = "";
				GCC_WARN_ABOUT_RETURN_TYPE = YES;
				GCC_WARN_UNDECLARED_SELECTOR = YES;
				GCC_WARN_UNINITIALIZED_AUTOS = YES;
				GCC_WARN_UNUSED_FUNCTION = YES;
				GCC_WARN_UNUSED_VARIABLE = YES;
				ONLY_ACTIVE_ARCH = YES;
				SDKROOT = iphoneos;
				SKIP_INSTALL = NO;
				TARGETED_DEVICE_FAMILY = "1,2";
				ASSETCATALOG_COMPILER_LAUNCHIMAGE_NAME = LaunchImage;
			};
			name = Debug;
		};
		C01FCF5008A954540054247B /* Release */ = {
			isa = XCBuildConfiguration;
			baseConfigurationReference = 3047A5111AB8059700498E2A /* build.xcconfig */;
			buildSettings = {
				CLANG_ENABLE_MODULES = YES;
				CLANG_ENABLE_OBJC_ARC = YES;
				CLANG_WARN_BOOL_CONVERSION = YES;
				CLANG_WARN_CONSTANT_CONVERSION = YES;
				CLANG_WARN_EMPTY_BODY = YES;
				CLANG_WARN_ENUM_CONVERSION = YES;
				CLANG_WARN_INT_CONVERSION = YES;
				CLANG_WARN__DUPLICATE_METHOD_MATCH = YES;
				GCC_C_LANGUAGE_STANDARD = c99;
				GCC_THUMB_SUPPORT = NO;
				GCC_VERSION = "";
				GCC_WARN_ABOUT_RETURN_TYPE = YES;
				GCC_WARN_UNDECLARED_SELECTOR = YES;
				GCC_WARN_UNINITIALIZED_AUTOS = YES;
				GCC_WARN_UNUSED_FUNCTION = YES;
				GCC_WARN_UNUSED_VARIABLE = YES;
				SDKROOT = iphoneos;
				SKIP_INSTALL = NO;
				TARGETED_DEVICE_FAMILY = "1,2";
				ASSETCATALOG_COMPILER_LAUNCHIMAGE_NAME = LaunchImage;
			};
			name = Release;
		};
/* End XCBuildConfiguration section */

/* Begin XCConfigurationList section */
		1D6058960D05DD3E006BFB54 /* Build configuration list for PBXNativeTarget "Mobilmania" */ = {
			isa = XCConfigurationList;
			buildConfigurations = (
				1D6058940D05DD3E006BFB54 /* Debug */,
				1D6058950D05DD3E006BFB54 /* Release */,
			);
			defaultConfigurationIsVisible = 0;
			defaultConfigurationName = Release;
		};
		C01FCF4E08A954540054247B /* Build configuration list for PBXProject "__NON-CLI__" */ = {
			isa = XCConfigurationList;
			buildConfigurations = (
				C01FCF4F08A954540054247B /* Debug */,
				C01FCF5008A954540054247B /* Release */,
			);
			defaultConfigurationIsVisible = 0;
			defaultConfigurationName = Release;
		};
/* End XCConfigurationList section */
	};
	rootObject = 29B97313FDCFA39411CA2CEA /* Project object */;
}
